
Microsoft Visual Studio Solution File, Format Version 12.00
# Visual Studio 14
VisualStudioVersion = 14.0.23107.0
MinimumVisualStudioVersion = 10.0.40219.1
Project("{F2A71F9B-5D33-465A-A702-920D77279786}") = "ATT.Examples.FSharp", "ATT.Examples.FSharp\ATT.Examples.FSharp.fsproj", "{C4DE2DF3-4586-4ECC-AC3E-48831E7CB1EE}"
EndProject
Project("{FAE04EC0-301F-11D3-BF4B-00C04F79EFBC}") = "ATT.HackerRank", "ATT.HackerRank\ATT.HackerRank\ATT.HackerRank.csproj", "{485C98CB-56E7-4445-B484-3FC2DEED7740}"
EndProject
Project("{FAE04EC0-301F-11D3-BF4B-00C04F79EFBC}") = "ATT.Examples", "ATT.Examples\ATT.Examples.csproj", "{D8B78CDB-1285-40D8-B8E7-0200607C3B2E}"
EndProject
Global
	GlobalSection(SolutionConfigurationPlatforms) = preSolution
		Debug|Any CPU = Debug|Any CPU
		Debug|Mixed Platforms = Debug|Mixed Platforms
		Debug|x86 = Debug|x86
		Release|Any CPU = Release|Any CPU
		Release|Mixed Platforms = Release|Mixed Platforms
		Release|x86 = Release|x86
	EndGlobalSection
	GlobalSection(ProjectConfigurationPlatforms) = postSolution
		{C4DE2DF3-4586-4ECC-AC3E-48831E7CB1EE}.Debug|Any CPU.ActiveCfg = Debug|Any CPU
		{C4DE2DF3-4586-4ECC-AC3E-48831E7CB1EE}.Debug|Any CPU.Build.0 = Debug|Any CPU
		{C4DE2DF3-4586-4ECC-AC3E-48831E7CB1EE}.Debug|Mixed Platforms.ActiveCfg = Debug|Any CPU
		{C4DE2DF3-4586-4ECC-AC3E-48831E7CB1EE}.Debug|Mixed Platforms.Build.0 = Debug|Any CPU
		{C4DE2DF3-4586-4ECC-AC3E-48831E7CB1EE}.Debug|x86.ActiveCfg = Debug|Any CPU
		{C4DE2DF3-4586-4ECC-AC3E-48831E7CB1EE}.Release|Any CPU.ActiveCfg = Release|Any CPU
		{C4DE2DF3-4586-4ECC-AC3E-48831E7CB1EE}.Release|Any CPU.Build.0 = Release|Any CPU
		{C4DE2DF3-4586-4ECC-AC3E-48831E7CB1EE}.Release|Mixed Platforms.ActiveCfg = Release|Any CPU
		{C4DE2DF3-4586-4ECC-AC3E-48831E7CB1EE}.Release|Mixed Platforms.Build.0 = Release|Any CPU
		{C4DE2DF3-4586-4ECC-AC3E-48831E7CB1EE}.Release|x86.ActiveCfg = Release|Any CPU
		{485C98CB-56E7-4445-B484-3FC2DEED7740}.Debug|Any CPU.ActiveCfg = Debug|Any CPU
		{485C98CB-56E7-4445-B484-3FC2DEED7740}.Debug|Any CPU.Build.0 = Debug|Any CPU
		{485C98CB-56E7-4445-B484-3FC2DEED7740}.Debug|Mixed Platforms.ActiveCfg = Debug|Any CPU
		{485C98CB-56E7-4445-B484-3FC2DEED7740}.Debug|Mixed Platforms.Build.0 = Debug|Any CPU
		{485C98CB-56E7-4445-B484-3FC2DEED7740}.Debug|x86.ActiveCfg = Debug|Any CPU
		{485C98CB-56E7-4445-B484-3FC2DEED7740}.Debug|x86.Build.0 = Debug|Any CPU
		{485C98CB-56E7-4445-B484-3FC2DEED7740}.Release|Any CPU.ActiveCfg = Release|Any CPU
		{485C98CB-56E7-4445-B484-3FC2DEED7740}.Release|Any CPU.Build.0 = Release|Any CPU
		{485C98CB-56E7-4445-B484-3FC2DEED7740}.Release|Mixed Platforms.ActiveCfg = Release|Any CPU
		{485C98CB-56E7-4445-B484-3FC2DEED7740}.Release|Mixed Platforms.Build.0 = Release|Any CPU
		{485C98CB-56E7-4445-B484-3FC2DEED7740}.Release|x86.ActiveCfg = Release|Any CPU
		{485C98CB-56E7-4445-B484-3FC2DEED7740}.Release|x86.Build.0 = Release|Any CPU
		{D8B78CDB-1285-40D8-B8E7-0200607C3B2E}.Debug|Any CPU.ActiveCfg = Debug|x86
		{D8B78CDB-1285-40D8-B8E7-0200607C3B2E}.Debug|Mixed Platforms.ActiveCfg = Debug|x86
		{D8B78CDB-1285-40D8-B8E7-0200607C3B2E}.Debug|Mixed Platforms.Build.0 = Debug|x86
		{D8B78CDB-1285-40D8-B8E7-0200607C3B2E}.Debug|x86.ActiveCfg = Debug|x86
		{D8B78CDB-1285-40D8-B8E7-0200607C3B2E}.Debug|x86.Build.0 = Debug|x86
		{D8B78CDB-1285-40D8-B8E7-0200607C3B2E}.Release|Any CPU.ActiveCfg = Release|x86
		{D8B78CDB-1285-40D8-B8E7-0200607C3B2E}.Release|Mixed Platforms.ActiveCfg = Release|x86
		{D8B78CDB-1285-40D8-B8E7-0200607C3B2E}.Release|Mixed Platforms.Build.0 = Release|x86
		{D8B78CDB-1285-40D8-B8E7-0200607C3B2E}.Release|x86.ActiveCfg = Release|x86
		{D8B78CDB-1285-40D8-B8E7-0200607C3B2E}.Release|x86.Build.0 = Release|x86
	EndGlobalSection
	GlobalSection(SolutionProperties) = preSolution
		HideSolutionNode = FALSE
	EndGlobalSection
EndGlobal
